// !$*UTF8*$!
{
	archiveVersion = 1;
	classes = {
	};
	objectVersion = 50;
	objects = {

/* Begin PBXBuildFile section */
		9A0E82682237BD5B008F25B7 /* AppDelegate.swift in Sources */ = {isa = PBXBuildFile; fileRef = 9A0E82672237BD5B008F25B7 /* AppDelegate.swift */; };
		9A0E826A2237BD5B008F25B7 /* ViewController.swift in Sources */ = {isa = PBXBuildFile; fileRef = 9A0E82692237BD5B008F25B7 /* ViewController.swift */; };
		9A0E826D2237BD5B008F25B7 /* Main.storyboard in Resources */ = {isa = PBXBuildFile; fileRef = 9A0E826B2237BD5B008F25B7 /* Main.storyboard */; };
		9A0E826F2237BD5C008F25B7 /* Assets.xcassets in Resources */ = {isa = PBXBuildFile; fileRef = 9A0E826E2237BD5C008F25B7 /* Assets.xcassets */; };
		9A0E82722237BD5C008F25B7 /* LaunchScreen.storyboard in Resources */ = {isa = PBXBuildFile; fileRef = 9A0E82702237BD5C008F25B7 /* LaunchScreen.storyboard */; };
		9A0E827D2237BD7C008F25B7 /* UIImage+Extensions.swift in Sources */ = {isa = PBXBuildFile; fileRef = 9A0E827B2237BD7C008F25B7 /* UIImage+Extensions.swift */; };
		9A0E827E2237BD7C008F25B7 /* NICLevelSlider.swift in Sources */ = {isa = PBXBuildFile; fileRef = 9A0E827C2237BD7C008F25B7 /* NICLevelSlider.swift */; };
/* End PBXBuildFile section */

/* Begin PBXFileReference section */
		9A0E82642237BD5B008F25B7 /* NICLevelSliderDemo.app */ = {isa = PBXFileReference; explicitFileType = wrapper.application; includeInIndex = 0; path = NICLevelSliderDemo.app; sourceTree = BUILT_PRODUCTS_DIR; };
		9A0E82672237BD5B008F25B7 /* AppDelegate.swift */ = {isa = PBXFileReference; lastKnownFileType = sourcecode.swift; path = AppDelegate.swift; sourceTree = "<group>"; };
		9A0E82692237BD5B008F25B7 /* ViewController.swift */ = {isa = PBXFileReference; lastKnownFileType = sourcecode.swift; path = ViewController.swift; sourceTree = "<group>"; };
		9A0E826C2237BD5B008F25B7 /* Base */ = {isa = PBXFileReference; lastKnownFileType = file.storyboard; name = Base; path = Base.lproj/Main.storyboard; sourceTree = "<group>"; };
		9A0E826E2237BD5C008F25B7 /* Assets.xcassets */ = {isa = PBXFileReference; lastKnownFileType = folder.assetcatalog; path = Assets.xcassets; sourceTree = "<group>"; };
		9A0E82712237BD5C008F25B7 /* Base */ = {isa = PBXFileReference; lastKnownFileType = file.storyboard; name = Base; path = Base.lproj/LaunchScreen.storyboard; sourceTree = "<group>"; };
		9A0E82732237BD5C008F25B7 /* Info.plist */ = {isa = PBXFileReference; lastKnownFileType = text.plist.xml; path = Info.plist; sourceTree = "<group>"; };
		9A0E827B2237BD7C008F25B7 /* UIImage+Extensions.swift */ = {isa = PBXFileReference; fileEncoding = 4; lastKnownFileType = sourcecode.swift; path = "UIImage+Extensions.swift"; sourceTree = "<group>"; };
		9A0E827C2237BD7C008F25B7 /* NICLevelSlider.swift */ = {isa = PBXFileReference; fileEncoding = 4; lastKnownFileType = sourcecode.swift; path = NICLevelSlider.swift; sourceTree = "<group>"; };
/* End PBXFileReference section */

/* Begin PBXFrameworksBuildPhase section */
		9A0E82612237BD5B008F25B7 /* Frameworks */ = {
			isa = PBXFrameworksBuildPhase;
			buildActionMask = 2147483647;
			files = (
			);
			runOnlyForDeploymentPostprocessing = 0;
		};
/* End PBXFrameworksBuildPhase section */

/* Begin PBXGroup section */
		9A0E825B2237BD5B008F25B7 = {
			isa = PBXGroup;
			children = (
				9A0E82662237BD5B008F25B7 /* NICLevelSliderDemo */,
				9A0E82652237BD5B008F25B7 /* Products */,
			);
			sourceTree = "<group>";
		};
		9A0E82652237BD5B008F25B7 /* Products */ = {
			isa = PBXGroup;
			children = (
				9A0E82642237BD5B008F25B7 /* NICLevelSliderDemo.app */,
			);
			name = Products;
			sourceTree = "<group>";
		};
		9A0E82662237BD5B008F25B7 /* NICLevelSliderDemo */ = {
			isa = PBXGroup;
			children = (
				9A0E82792237BD7C008F25B7 /* srcs */,
				9A0E82672237BD5B008F25B7 /* AppDelegate.swift */,
				9A0E82692237BD5B008F25B7 /* ViewController.swift */,
				9A0E826B2237BD5B008F25B7 /* Main.storyboard */,
				9A0E826E2237BD5C008F25B7 /* Assets.xcassets */,
				9A0E82702237BD5C008F25B7 /* LaunchScreen.storyboard */,
				9A0E82732237BD5C008F25B7 /* Info.plist */,
			);
			path = NICLevelSliderDemo;
			sourceTree = "<group>";
		};
		9A0E82792237BD7C008F25B7 /* srcs */ = {
			isa = PBXGroup;
			children = (
				9A0E827A2237BD7C008F25B7 /* extensions */,
				9A0E827C2237BD7C008F25B7 /* NICLevelSlider.swift */,
			);
			path = srcs;
			sourceTree = "<group>";
		};
		9A0E827A2237BD7C008F25B7 /* extensions */ = {
			isa = PBXGroup;
			children = (
				9A0E827B2237BD7C008F25B7 /* UIImage+Extensions.swift */,
			);
			path = extensions;
			sourceTree = "<group>";
		};
/* End PBXGroup section */

/* Begin PBXNativeTarget section */
		9A0E82632237BD5B008F25B7 /* NICLevelSliderDemo */ = {
			isa = PBXNativeTarget;
			buildConfigurationList = 9A0E82762237BD5C008F25B7 /* Build configuration list for PBXNativeTarget "NICLevelSliderDemo" */;
			buildPhases = (
				9A0E82602237BD5B008F25B7 /* Sources */,
				9A0E82612237BD5B008F25B7 /* Frameworks */,
				9A0E82622237BD5B008F25B7 /* Resources */,
			);
			buildRules = (
			);
			dependencies = (
			);
			name = NICLevelSliderDemo;
			productName = NICLevelSliderDemo;
			productReference = 9A0E82642237BD5B008F25B7 /* NICLevelSliderDemo.app */;
			productType = "com.apple.product-type.application";
		};
/* End PBXNativeTarget section */

/* Begin PBXProject section */
		9A0E825C2237BD5B008F25B7 /* Project object */ = {
			isa = PBXProject;
			attributes = {
				LastSwiftUpdateCheck = 1000;
				LastUpgradeCheck = 1000;
				ORGANIZATIONNAME = nicholas;
				TargetAttributes = {
					9A0E82632237BD5B008F25B7 = {
						CreatedOnToolsVersion = 10.0;
					};
				};
			};
			buildConfigurationList = 9A0E825F2237BD5B008F25B7 /* Build configuration list for PBXProject "NICLevelSliderDemo" */;
			compatibilityVersion = "Xcode 9.3";
			developmentRegion = en;
			hasScannedForEncodings = 0;
			knownRegions = (
				en,
				Base,
			);
			mainGroup = 9A0E825B2237BD5B008F25B7;
			productRefGroup = 9A0E82652237BD5B008F25B7 /* Products */;
			projectDirPath = "";
			projectRoot = "";
			targets = (
				9A0E82632237BD5B008F25B7 /* NICLevelSliderDemo */,
			);
		};
/* End PBXProject section */

/* Begin PBXResourcesBuildPhase section */
		9A0E82622237BD5B008F25B7 /* Resources */ = {
			isa = PBXResourcesBuildPhase;
			buildActionMask = 2147483647;
			files = (
				9A0E82722237BD5C008F25B7 /* LaunchScreen.storyboard in Resources */,
				9A0E826F2237BD5C008F25B7 /* Assets.xcassets in Resources */,
				9A0E826D2237BD5B008F25B7 /* Main.storyboard in Resources */,
			);
			runOnlyForDeploymentPostprocessing = 0;
		};
/* End PBXResourcesBuildPhase section */

/* Begin PBXSourcesBuildPhase section */
		9A0E82602237BD5B008F25B7 /* Sources */ = {
			isa = PBXSourcesBuildPhase;
			buildActionMask = 2147483647;
			files = (
				9A0E827E2237BD7C008F25B7 /* NICLevelSlider.swift in Sources */,
				9A0E827D2237BD7C008F25B7 /* UIImage+Extensions.swift in Sources */,
				9A0E826A2237BD5B008F25B7 /* ViewController.swift in Sources */,
				9A0E82682237BD5B008F25B7 /* AppDelegate.swift in Sources */,
			);
			runOnlyForDeploymentPostprocessing = 0;
		};
/* End PBXSourcesBuildPhase section */

/* Begin PBXVariantGroup section */
		9A0E826B2237BD5B008F25B7 /* Main.storyboard */ = {
			isa = PBXVariantGroup;
			children = (
				9A0E826C2237BD5B008F25B7 /* Base */,
			);
			name = Main.storyboard;
			sourceTree = "<group>";
		};
		9A0E82702237BD5C008F25B7 /* LaunchScreen.storyboard */ = {
			isa = PBXVariantGroup;
			children = (
				9A0E82712237BD5C008F25B7 /* Base */,
			);
			name = LaunchScreen.storyboard;
			sourceTree = "<group>";
		};
/* End PBXVariantGroup section */

/* Begin XCBuildConfiguration section */
		9A0E82742237BD5C008F25B7 /* Debug */ = {
			isa = XCBuildConfiguration;
			buildSettings = {
				ALWAYS_SEARCH_USER_PATHS = NO;
				CLANG_ANALYZER_NONNULL = YES;
				CLANG_ANALYZER_NUMBER_OBJECT_CONVERSION = YES_AGGRESSIVE;
				CLANG_CXX_LANGUAGE_STANDARD = "gnu++14";
				CLANG_CXX_LIBRARY = "libc++";
				CLANG_ENABLE_MODULES = YES;
				CLANG_ENABLE_OBJC_ARC = YES;
				CLANG_ENABLE_OBJC_WEAK = YES;
				CLANG_WARN_BLOCK_CAPTURE_AUTORELEASING = YES;
				CLANG_WARN_BOOL_CONVERSION = YES;
				CLANG_WARN_COMMA = YES;
				CLANG_WARN_CONSTANT_CONVERSION = YES;
				CLANG_WARN_DEPRECATED_OBJC_IMPLEMENTATIONS = YES;
				CLANG_WARN_DIRECT_OBJC_ISA_USAGE = YES_ERROR;
				CLANG_WARN_DOCUMENTATION_COMMENTS = YES;
				CLANG_WARN_EMPTY_BODY = YES;
				CLANG_WARN_ENUM_CONVERSION = YES;
				CLANG_WARN_INFINITE_RECURSION = YES;
				CLANG_WARN_INT_CONVERSION = YES;
				CLANG_WARN_NON_LITERAL_NULL_CONVERSION = YES;
				CLANG_WARN_OBJC_IMPLICIT_RETAIN_SELF = YES;
				CLANG_WARN_OBJC_LITERAL_CONVERSION = YES;
				CLANG_WARN_OBJC_ROOT_CLASS = YES_ERROR;
				CLANG_WARN_RANGE_LOOP_ANALYSIS = YES;
				CLANG_WARN_STRICT_PROTOTYPES = YES;
				CLANG_WARN_SUSPICIOUS_MOVE = YES;
				CLANG_WARN_UNGUARDED_AVAILABILITY = YES_AGGRESSIVE;
				CLANG_WARN_UNREACHABLE_CODE = YES;
				CLANG_WARN__DUPLICATE_METHOD_MATCH = YES;
				CODE_SIGN_IDENTITY = "iPhone Developer";
				COPY_PHASE_STRIP = NO;
				DEBUG_INFORMATION_FORMAT = dwarf;
				ENABLE_STRICT_OBJC_MSGSEND = YES;
				ENABLE_TESTABILITY = YES;
				GCC_C_LANGUAGE_STANDARD = gnu11;
				GCC_DYNAMIC_NO_PIC = NO;
				GCC_NO_COMMON_BLOCKS = YES;
				GCC_OPTIMIZATION_LEVEL = 0;
				GCC_PREPROCESSOR_DEFINITIONS = (
					"DEBUG=1",
					"$(inherited)",
				);
				GCC_WARN_64_TO_32_BIT_CONVERSION = YES;
				GCC_WARN_ABOUT_RETURN_TYPE = YES_ERROR;
				GCC_WARN_UNDECLARED_SELECTOR = YES;
				GCC_WARN_UNINITIALIZED_AUTOS = YES_AGGRESSIVE;
				GCC_WARN_UNUSED_FUNCTION = YES;
				GCC_WARN_UNUSED_VARIABLE = YES;
				IPHONEOS_DEPLOYMENT_TARGET = 12.0;
				MTL_ENABLE_DEBUG_INFO = INCLUDE_SOURCE;
				MTL_FAST_MATH = YES;
				ONLY_ACTIVE_ARCH = YES;
				SDKROOT = iphoneos;
				SWIFT_ACTIVE_COMPILATION_CONDITIONS = DEBUG;
				SWIFT_OPTIMIZATION_LEVEL = "-Onone";
			};
			name = Debug;
		};
		9A0E82752237BD5C008F25B7 /* Release */ = {
			isa = XCBuildConfiguration;
			buildSettings = {
				ALWAYS_SEARCH_USER_PATHS = NO;
				CLANG_ANALYZER_NONNULL = YES;
				CLANG_ANALYZER_NUMBER_OBJECT_CONVERSION = YES_AGGRESSIVE;
				CLANG_CXX_LANGUAGE_STANDARD = "gnu++14";
				CLANG_CXX_LIBRARY = "libc++";
				CLANG_ENABLE_MODULES = YES;
				CLANG_ENABLE_OBJC_ARC = YES;
				CLANG_ENABLE_OBJC_WEAK = YES;
				CLANG_WARN_BLOCK_CAPTURE_AUTORELEASING = YES;
				CLANG_WARN_BOOL_CONVERSION = YES;
				CLANG_WARN_COMMA = YES;
				CLANG_WARN_CONSTANT_CONVERSION = YES;
				CLANG_WARN_DEPRECATED_OBJC_IMPLEMENTATIONS = YES;
				CLANG_WARN_DIRECT_OBJC_ISA_USAGE = YES_ERROR;
				CLANG_WARN_DOCUMENTATION_COMMENTS = YES;
				CLANG_WARN_EMPTY_BODY = YES;
				CLANG_WARN_ENUM_CONVERSION = YES;
				CLANG_WARN_INFINITE_RECURSION = YES;
				CLANG_WARN_INT_CONVERSION = YES;
				CLANG_WARN_NON_LITERAL_NULL_CONVERSION = YES;
				CLANG_WARN_OBJC_IMPLICIT_RETAIN_SELF = YES;
				CLANG_WARN_OBJC_LITERAL_CONVERSION = YES;
				CLANG_WARN_OBJC_ROOT_CLASS = YES_ERROR;
				CLANG_WARN_RANGE_LOOP_ANALYSIS = YES;
				CLANG_WARN_STRICT_PROTOTYPES = YES;
				CLANG_WARN_SUSPICIOUS_MOVE = YES;
				CLANG_WARN_UNGUARDED_AVAILABILITY = YES_AGGRESSIVE;
				CLANG_WARN_UNREACHABLE_CODE = YES;
				CLANG_WARN__DUPLICATE_METHOD_MATCH = YES;
				CODE_SIGN_IDENTITY = "iPhone Developer";
				COPY_PHASE_STRIP = NO;
				DEBUG_INFORMATION_FORMAT = "dwarf-with-dsym";
				ENABLE_NS_ASSERTIONS = NO;
				ENABLE_STRICT_OBJC_MSGSEND = YES;
				GCC_C_LANGUAGE_STANDARD = gnu11;
				GCC_NO_COMMON_BLOCKS = YES;
				GCC_WARN_64_TO_32_BIT_CONVERSION = YES;
				GCC_WARN_ABOUT_RETURN_TYPE = YES_ERROR;
				GCC_WARN_UNDECLARED_SELECTOR = YES;
				GCC_WARN_UNINITIALIZED_AUTOS = YES_AGGRESSIVE;
				GCC_WARN_UNUSED_FUNCTION = YES;
				GCC_WARN_UNUSED_VARIABLE = YES;
				IPHONEOS_DEPLOYMENT_TARGET = 12.0;
				MTL_ENABLE_DEBUG_INFO = NO;
				MTL_FAST_MATH = YES;
				SDKROOT = iphoneos;
				SWIFT_COMPILATION_MODE = wholemodule;
				SWIFT_OPTIMIZATION_LEVEL = "-O";
				VALIDATE_PRODUCT = YES;
			};
			name = Release;
		};
		9A0E82772237BD5C008F25B7 /* Debug */ = {
			isa = XCBuildConfiguration;
			buildSettings = {
				ASSETCATALOG_COMPILER_APPICON_NAME = AppIcon;
				CODE_SIGN_STYLE = Automatic;
				DEVELOPMENT_TEAM = 5HYDCMKM68;
				INFOPLIST_FILE = NICLevelSliderDemo/Info.plist;
				LD_RUNPATH_SEARCH_PATHS = (
					"$(inherited)",
					"@executable_path/Frameworks",
				);
				PRODUCT_BUNDLE_IDENTIFIER = com.nic.NICLevelSliderDemo;
				PRODUCT_NAME = "$(TARGET_NAME)";
				SWIFT_VERSION = 4.2;
				TARGETED_DEVICE_FAMILY = "1,2";
			};
			name = Debug;
		};
		9A0E82782237BD5C008F25B7 /* Release */ = {
			isa = XCBuildConfiguration;
			buildSettings = {
				ASSETCATALOG_COMPILER_APPICON_NAME = AppIcon;
				CODE_SIGN_STYLE = Automatic;
				DEVELOPMENT_TEAM = 5HYDCMKM68;
				INFOPLIST_FILE = NICLevelSliderDemo/Info.plist;
				LD_RUNPATH_SEARCH_PATHS = (
					"$(inherited)",
					"@executable_path/Frameworks",
				);
				PRODUCT_BUNDLE_IDENTIFIER = com.nic.NICLevelSliderDemo;
				PRODUCT_NAME = "$(TARGET_NAME)";
				SWIFT_VERSION = 4.2;
				TARGETED_DEVICE_FAMILY = "1,2";
			};
			name = Release;
		};
/* End XCBuildConfiguration section */

/* Begin XCConfigurationList section */
		9A0E825F2237BD5B008F25B7 /* Build configuration list for PBXProject "NICLevelSliderDemo" */ = {
			isa = XCConfigurationList;
			buildConfigurations = (
				9A0E82742237BD5C008F25B7 /* Debug */,
				9A0E82752237BD5C008F25B7 /* Release */,
			);
			defaultConfigurationIsVisible = 0;
			defaultConfigurationName = Release;
		};
		9A0E82762237BD5C008F25B7 /* Build configuration list for PBXNativeTarget "NICLevelSliderDemo" */ = {
			isa = XCConfigurationList;
			buildConfigurations = (
				9A0E82772237BD5C008F25B7 /* Debug */,
				9A0E82782237BD5C008F25B7 /* Release */,
			);
			defaultConfigurationIsVisible = 0;
			defaultConfigurationName = Release;
		};
/* End XCConfigurationList section */
	};
	rootObject = 9A0E825C2237BD5B008F25B7 /* Project object */;
}
